
Microsoft Visual Studio Solution File, Format Version 12.00
# Visual Studio Version 17
VisualStudioVersion = 17.5.33530.505
MinimumVisualStudioVersion = 10.0.40219.1
Project("{FAE04EC0-301F-11D3-BF4B-00C04F79EFBC}") = "SchoolHRAdministration", "SchoolHRAdministration\SchoolHRAdministration.csproj", "{4FA37487-0E6C-4503-B1EE-623DD030CDF2}"
EndProject
Project("{FAE04EC0-301F-11D3-BF4B-00C04F79EFBC}") = "HRAdministrationAPI", "HRAdministrationAPI\HRAdministrationAPI.csproj", "{1243B08A-994C-42DC-B5B8-E344F991B242}"
EndProject
Global
	GlobalSection(SolutionConfigurationPlatforms) = preSolution
		Debug|Any CPU = Debug|Any CPU
		Release|Any CPU = Release|Any CPU
	EndGlobalSection
	GlobalSection(ProjectConfigurationPlatforms) = postSolution
		{4FA37487-0E6C-4503-B1EE-623DD030CDF2}.Debug|Any CPU.ActiveCfg = Debug|Any CPU
		{4FA37487-0E6C-4503-B1EE-623DD030CDF2}.Debug|Any CPU.Build.0 = Debug|Any CPU
		{4FA37487-0E6C-4503-B1EE-623DD030CDF2}.Release|Any CPU.ActiveCfg = Release|Any CPU
		{4FA37487-0E6C-4503-B1EE-623DD030CDF2}.Release|Any CPU.Build.0 = Release|Any CPU
		{1243B08A-994C-42DC-B5B8-E344F991B242}.Debug|Any CPU.ActiveCfg = Debug|Any CPU
		{1243B08A-994C-42DC-B5B8-E344F991B242}.Debug|Any CPU.Build.0 = Debug|Any CPU
		{1243B08A-994C-42DC-B5B8-E344F991B242}.Release|Any CPU.ActiveCfg = Release|Any CPU
		{1243B08A-994C-42DC-B5B8-E344F991B242}.Release|Any CPU.Build.0 = Release|Any CPU
	EndGlobalSection
	GlobalSection(SolutionProperties) = preSolution
		HideSolutionNode = FALSE
	EndGlobalSection
	GlobalSection(ExtensibilityGlobals) = postSolution
		SolutionGuid = {93119EB8-A7D7-4910-BCF7-71EB22F615DB}
	EndGlobalSection
EndGlobal
